version = 1
revision = 2
requires-python = ">=3.13"

[[package]]
name = "asgiref"
version = "3.8.1"
source = { registry = "https://pypi.org/simple" }
sdist = { url = "https://files.pythonhosted.org/packages/29/38/b3395cc9ad1b56d2ddac9970bc8f4141312dbaec28bc7c218b0dfafd0f42/asgiref-3.8.1.tar.gz", hash = "sha256:c343bd80a0bec947a9860adb4c432ffa7db769836c64238fc34bdc3fec84d590", size = 35186, upload_time = "2024-03-22T14:39:36.863Z" }
wheels = [
    { url = "https://files.pythonhosted.org/packages/39/e3/893e8757be2612e6c266d9bb58ad2e3651524b5b40cf56761e985a28b13e/asgiref-3.8.1-py3-none-any.whl", hash = "sha256:3e1e3ecc849832fe52ccf2cb6686b7a55f82bb1d6aee72a58826471390335e47", size = 23828, upload_time = "2024-03-22T14:39:34.521Z" },
]

[[package]]
name = "certifi"
version = "2024.7.4"
source = { registry = "https://pypi.org/simple" }
sdist = { url = "https://files.pythonhosted.org/packages/c2/02/a95f2b11e207f68bc64d7aae9666fed2e2b3f307748d5123dffb72a1bbea/certifi-2024.7.4.tar.gz", hash = "sha256:5a1e7645bc0ec61a09e26c36f6106dd4cf40c6db3a1fb6352b0244e7fb057c7b", size = 164065, upload_time = "2024-07-04T01:36:11.653Z" }
wheels = [
    { url = "https://files.pythonhosted.org/packages/1c/d5/c84e1a17bf61d4df64ca866a1c9a913874b4e9bdc131ec689a0ad013fb36/certifi-2024.7.4-py3-none-any.whl", hash = "sha256:c198e21b1289c2ab85ee4e67bb4b4ef3ead0892059901a8d5b622f24a1101e90", size = 162960, upload_time = "2024-07-04T01:36:09.038Z" },
]

[[package]]
name = "charset-normalizer"
version = "3.3.2"
source = { registry = "https://pypi.org/simple" }
sdist = { url = "https://files.pythonhosted.org/packages/63/09/c1bc53dab74b1816a00d8d030de5bf98f724c52c1635e07681d312f20be8/charset-normalizer-3.3.2.tar.gz", hash = "sha256:f30c3cb33b24454a82faecaf01b19c18562b1e89558fb6c56de4d9118a032fd5", size = 104809, upload_time = "2023-11-01T04:04:59.997Z" }
wheels = [
    { url = "https://files.pythonhosted.org/packages/28/76/e6222113b83e3622caa4bb41032d0b1bf785250607392e1b778aca0b8a7d/charset_normalizer-3.3.2-py3-none-any.whl", hash = "sha256:3e4d1f6587322d2788836a99c69062fbb091331ec940e02d12d179c1d53e25fc", size = 48543, upload_time = "2023-11-01T04:04:58.622Z" },
]

[[package]]
name = "django"
version = "5.0.6"
source = { registry = "https://pypi.org/simple" }
dependencies = [
    { name = "asgiref" },
    { name = "sqlparse" },
    { name = "tzdata", marker = "sys_platform == 'win32'" },
]
sdist = { url = "https://files.pythonhosted.org/packages/4c/d3/b0dae3b5e6412227ec4387cf39110be3432c53886d2927c78b5f6976f1cb/Django-5.0.6.tar.gz", hash = "sha256:ff1b61005004e476e0aeea47c7f79b85864c70124030e95146315396f1e7951f", size = 10639679, upload_time = "2024-05-07T16:55:48.753Z" }
wheels = [
    { url = "https://files.pythonhosted.org/packages/1d/23/02f3795a71196019bcfec4c67890a6369e43b023474154fa0b2b7060346d/Django-5.0.6-py3-none-any.whl", hash = "sha256:8363ac062bb4ef7c3f12d078f6fa5d154031d129a15170a1066412af49d30905", size = 8183735, upload_time = "2024-05-07T16:55:41.136Z" },
]

[[package]]
name = "django-cors-headers"
version = "4.4.0"
source = { registry = "https://pypi.org/simple" }
dependencies = [
    { name = "asgiref" },
    { name = "django" },
]
sdist = { url = "https://files.pythonhosted.org/packages/d3/34/f0c7a7241f885cbfc99b1edef0acc7915dd7a3fb749fe27de5e8a9fb2ccb/django_cors_headers-4.4.0.tar.gz", hash = "sha256:92cf4633e22af67a230a1456cb1b7a02bb213d6536d2dcb2a4a24092ea9cebc2", size = 21151, upload_time = "2024-06-19T16:16:45.833Z" }
wheels = [
    { url = "https://files.pythonhosted.org/packages/9d/0c/4201d5650199b3a36ef3f2ab91f44c4527a70685f3003ce9f3ed8c30780c/django_cors_headers-4.4.0-py3-none-any.whl", hash = "sha256:5c6e3b7fe870876a1efdfeb4f433782c3524078fa0dc9e0195f6706ce7a242f6", size = 12789, upload_time = "2024-06-19T16:16:42.189Z" },
]

[[package]]
name = "django-js-asset"
version = "2.2.0"
source = { registry = "https://pypi.org/simple" }
dependencies = [
    { name = "django" },
]
sdist = { url = "https://files.pythonhosted.org/packages/28/bb/04accb19b0c0b6d835a393c20f04dfc379648e8cd6654c045e4d843ad527/django_js_asset-2.2.0.tar.gz", hash = "sha256:0c57a82cae2317e83951d956110ce847f58ff0cdc24e314dbc18b35033917e94", size = 7904, upload_time = "2023-12-12T18:03:53.589Z" }
wheels = [
    { url = "https://files.pythonhosted.org/packages/dc/4d/5bb8c351f2515a616576a4218c736af081edf0dd4d1eead1c7e880f74c0e/django_js_asset-2.2.0-py3-none-any.whl", hash = "sha256:7ef3e858e13d06f10799b56eea62b1e76706f42cf4e709be4e13356bc0ae30d8", size = 4704, upload_time = "2023-12-12T18:03:55.631Z" },
]

[[package]]
name = "django-mptt"
version = "0.16.0"
source = { registry = "https://pypi.org/simple" }
dependencies = [
    { name = "django-js-asset" },
]
sdist = { url = "https://files.pythonhosted.org/packages/06/58/11dcda841c5570cecab15d52362096e36bf61c0a7013df903e9747bc6a6c/django_mptt-0.16.0.tar.gz", hash = "sha256:56c9606bf0b329b5f5afd55dd8bfd073612ea1d5999b10903b09de62bee84c8e", size = 69886, upload_time = "2024-01-16T15:29:25.507Z" }
wheels = [
    { url = "https://files.pythonhosted.org/packages/45/27/61a39b0d716e52be2df7d9fed6e35fe10eb3faaf207cdfaac3f9f68ecb1a/django_mptt-0.16.0-py3-none-any.whl", hash = "sha256:8716849ba3318d94e2e100ed0923a05c1ffdf8195f8472b690dbaf737d2af3b5", size = 115934, upload_time = "2024-01-16T15:29:27.762Z" },
]

[[package]]
name = "django-tinymce"
version = "4.1.0"
source = { registry = "https://pypi.org/simple" }
dependencies = [
    { name = "django" },
]
sdist = { url = "https://files.pythonhosted.org/packages/b3/36/56faa2cb1bde28c66ffe38d67ddbacab9c416baecbb7dd911bfabc5fa409/django_tinymce-4.1.0.tar.gz", hash = "sha256:02e3b70e940fd299f0fbef4315aee5c185664e1eb8cd396b176963954e4357c9", size = 1087250, upload_time = "2024-06-21T07:07:03.915Z" }
wheels = [
    { url = "https://files.pythonhosted.org/packages/91/a6/467464d08495360689380906db8e67427c381545ce8af9ce633e0128b004/django_tinymce-4.1.0-py3-none-any.whl", hash = "sha256:9804836e6d2b08de3b03a27c100f8c2e9633549913eff8b323678a10cd48b94e", size = 1317923, upload_time = "2024-06-21T07:07:40.454Z" },
]

[[package]]
name = "djangorestframework"
version = "3.15.2"
source = { registry = "https://pypi.org/simple" }
dependencies = [
    { name = "django" },
]
sdist = { url = "https://files.pythonhosted.org/packages/2c/ce/31482eb688bdb4e271027076199e1aa8d02507e530b6d272ab8b4481557c/djangorestframework-3.15.2.tar.gz", hash = "sha256:36fe88cd2d6c6bec23dca9804bab2ba5517a8bb9d8f47ebc68981b56840107ad", size = 1067420, upload_time = "2024-06-19T07:59:32.891Z" }
wheels = [
    { url = "https://files.pythonhosted.org/packages/7c/b6/fa99d8f05eff3a9310286ae84c4059b08c301ae4ab33ae32e46e8ef76491/djangorestframework-3.15.2-py3-none-any.whl", hash = "sha256:2b8871b062ba1aefc2de01f773875441a961fefbf79f5eed1e32b2f096944b20", size = 1071235, upload_time = "2024-06-19T07:59:26.106Z" },
]

[[package]]
name = "djangorestframework-simplejwt"
version = "5.3.1"
source = { registry = "https://pypi.org/simple" }
dependencies = [
    { name = "django" },
    { name = "djangorestframework" },
    { name = "pyjwt" },
]
sdist = { url = "https://files.pythonhosted.org/packages/ac/f3/f2ce06fcd1c53e12b26cc5a3ec9e0acd47eb4be02e1d24de50edee5c5abf/djangorestframework_simplejwt-5.3.1.tar.gz", hash = "sha256:6c4bd37537440bc439564ebf7d6085e74c5411485197073f508ebdfa34bc9fae", size = 94266, upload_time = "2023-12-04T06:37:22.761Z" }
wheels = [
    { url = "https://files.pythonhosted.org/packages/f2/ab/88f73cf08d2ad3fb9f71b956dceca5680a57f121e5ce9a604f365877d57e/djangorestframework_simplejwt-5.3.1-py3-none-any.whl", hash = "sha256:381bc966aa46913905629d472cd72ad45faa265509764e20ffd440164c88d220", size = 101339, upload_time = "2023-12-04T06:38:25.362Z" },
]

[[package]]
name = "factory-boy"
version = "3.3.0"
source = { registry = "https://pypi.org/simple" }
dependencies = [
    { name = "faker" },
]
sdist = { url = "https://files.pythonhosted.org/packages/ec/02/30796763f5661ef0028e12f09b66757b2c8dd1ab783d6b7e6d834a404884/factory_boy-3.3.0.tar.gz", hash = "sha256:bc76d97d1a65bbd9842a6d722882098eb549ec8ee1081f9fb2e8ff29f0c300f1", size = 163604, upload_time = "2023-07-19T09:04:02.692Z" }
wheels = [
    { url = "https://files.pythonhosted.org/packages/7d/37/69bc18ffa39ae7723b61ca0dde30130ea45f9127c129f084f5c6ca5d5dae/factory_boy-3.3.0-py2.py3-none-any.whl", hash = "sha256:a2cdbdb63228177aa4f1c52f4b6d83fab2b8623bf602c7dedd7eb83c0f69c04c", size = 36684, upload_time = "2023-07-19T09:04:00.951Z" },
]

[[package]]
name = "faker"
version = "26.0.0"
source = { registry = "https://pypi.org/simple" }
dependencies = [
    { name = "python-dateutil" },
]
sdist = { url = "https://files.pythonhosted.org/packages/e9/95/f6d8c93a2b0307489ea41e64c2c764f6a93a9e6f78550cbc0d133c672eb1/Faker-26.0.0.tar.gz", hash = "sha256:0f60978314973de02c00474c2ae899785a42b2cf4f41b7987e93c132a2b8a4a9", size = 1763318, upload_time = "2024-06-26T21:17:43.658Z" }
wheels = [
    { url = "https://files.pythonhosted.org/packages/a7/0b/57ac98ca6aa8cd54246b440bc2aa8549e5dcbb99a72a399cab6d66c7f198/Faker-26.0.0-py3-none-any.whl", hash = "sha256:886ee28219be96949cd21ecc96c4c742ee1680e77f687b095202c8def1a08f06", size = 1799992, upload_time = "2024-06-26T21:17:37.776Z" },
]

[[package]]
name = "idna"
version = "3.7"
source = { registry = "https://pypi.org/simple" }
sdist = { url = "https://files.pythonhosted.org/packages/21/ed/f86a79a07470cb07819390452f178b3bef1d375f2ec021ecfc709fc7cf07/idna-3.7.tar.gz", hash = "sha256:028ff3aadf0609c1fd278d8ea3089299412a7a8b9bd005dd08b9f8285bcb5cfc", size = 189575, upload_time = "2024-04-11T03:34:43.276Z" }
wheels = [
    { url = "https://files.pythonhosted.org/packages/e5/3e/741d8c82801c347547f8a2a06aa57dbb1992be9e948df2ea0eda2c8b79e8/idna-3.7-py3-none-any.whl", hash = "sha256:82fee1fc78add43492d3a1898bfa6d8a904cc97d8427f683ed8e798d07761aa0", size = 66836, upload_time = "2024-04-11T03:34:41.447Z" },
]

[[package]]
name = "pillow"
version = "10.4.0"
source = { registry = "https://pypi.org/simple" }
sdist = { url = "https://files.pythonhosted.org/packages/cd/74/ad3d526f3bf7b6d3f408b73fde271ec69dfac8b81341a318ce825f2b3812/pillow-10.4.0.tar.gz", hash = "sha256:166c1cd4d24309b30d61f79f4a9114b7b2313d7450912277855ff5dfd7cd4a06", size = 46555059, upload_time = "2024-07-01T09:48:43.583Z" }
wheels = [
    { url = "https://files.pythonhosted.org/packages/c3/00/706cebe7c2c12a6318aabe5d354836f54adff7156fd9e1bd6c89f4ba0e98/pillow-10.4.0-cp313-cp313-macosx_10_13_x86_64.whl", hash = "sha256:8bc1a764ed8c957a2e9cacf97c8b2b053b70307cf2996aafd70e91a082e70df3", size = 3525685, upload_time = "2024-07-01T09:46:45.194Z" },
    { url = "https://files.pythonhosted.org/packages/cf/76/f658cbfa49405e5ecbfb9ba42d07074ad9792031267e782d409fd8fe7c69/pillow-10.4.0-cp313-cp313-macosx_11_0_arm64.whl", hash = "sha256:6209bb41dc692ddfee4942517c19ee81b86c864b626dbfca272ec0f7cff5d9fb", size = 3374883, upload_time = "2024-07-01T09:46:47.331Z" },
    { url = "https://files.pythonhosted.org/packages/46/2b/99c28c4379a85e65378211971c0b430d9c7234b1ec4d59b2668f6299e011/pillow-10.4.0-cp313-cp313-manylinux_2_17_aarch64.manylinux2014_aarch64.whl", hash = "sha256:bee197b30783295d2eb680b311af15a20a8b24024a19c3a26431ff83eb8d1f70", size = 4339837, upload_time = "2024-07-01T09:46:49.647Z" },
    { url = "https://files.pythonhosted.org/packages/f1/74/b1ec314f624c0c43711fdf0d8076f82d9d802afd58f1d62c2a86878e8615/pillow-10.4.0-cp313-cp313-manylinux_2_17_x86_64.manylinux2014_x86_64.whl", hash = "sha256:1ef61f5dd14c300786318482456481463b9d6b91ebe5ef12f405afbba77ed0be", size = 4455562, upload_time = "2024-07-01T09:46:51.811Z" },
    { url = "https://files.pythonhosted.org/packages/4a/2a/4b04157cb7b9c74372fa867096a1607e6fedad93a44deeff553ccd307868/pillow-10.4.0-cp313-cp313-manylinux_2_28_aarch64.whl", hash = "sha256:297e388da6e248c98bc4a02e018966af0c5f92dfacf5a5ca22fa01cb3179bca0", size = 4366761, upload_time = "2024-07-01T09:46:53.961Z" },
    { url = "https://files.pythonhosted.org/packages/ac/7b/8f1d815c1a6a268fe90481232c98dd0e5fa8c75e341a75f060037bd5ceae/pillow-10.4.0-cp313-cp313-manylinux_2_28_x86_64.whl", hash = "sha256:e4db64794ccdf6cb83a59d73405f63adbe2a1887012e308828596100a0b2f6cc", size = 4536767, upload_time = "2024-07-01T09:46:56.664Z" },
    { url = "https://files.pythonhosted.org/packages/e5/77/05fa64d1f45d12c22c314e7b97398ffb28ef2813a485465017b7978b3ce7/pillow-10.4.0-cp313-cp313-musllinux_1_2_aarch64.whl", hash = "sha256:bd2880a07482090a3bcb01f4265f1936a903d70bc740bfcb1fd4e8a2ffe5cf5a", size = 4477989, upload_time = "2024-07-01T09:46:58.977Z" },
    { url = "https://files.pythonhosted.org/packages/12/63/b0397cfc2caae05c3fb2f4ed1b4fc4fc878f0243510a7a6034ca59726494/pillow-10.4.0-cp313-cp313-musllinux_1_2_x86_64.whl", hash = "sha256:4b35b21b819ac1dbd1233317adeecd63495f6babf21b7b2512d244ff6c6ce309", size = 4610255, upload_time = "2024-07-01T09:47:01.189Z" },
    { url = "https://files.pythonhosted.org/packages/7b/f9/cfaa5082ca9bc4a6de66ffe1c12c2d90bf09c309a5f52b27759a596900e7/pillow-10.4.0-cp313-cp313-win32.whl", hash = "sha256:551d3fd6e9dc15e4c1eb6fc4ba2b39c0c7933fa113b220057a34f4bb3268a060", size = 2235603, upload_time = "2024-07-01T09:47:03.918Z" },
    { url = "https://files.pythonhosted.org/packages/01/6a/30ff0eef6e0c0e71e55ded56a38d4859bf9d3634a94a88743897b5f96936/pillow-10.4.0-cp313-cp313-win_amd64.whl", hash = "sha256:030abdbe43ee02e0de642aee345efa443740aa4d828bfe8e2eb11922ea6a21ea", size = 2554972, upload_time = "2024-07-01T09:47:06.152Z" },
    { url = "https://files.pythonhosted.org/packages/48/2c/2e0a52890f269435eee38b21c8218e102c621fe8d8df8b9dd06fabf879ba/pillow-10.4.0-cp313-cp313-win_arm64.whl", hash = "sha256:5b001114dd152cfd6b23befeb28d7aee43553e2402c9f159807bf55f33af8a8d", size = 2243375, upload_time = "2024-07-01T09:47:09.065Z" },
]

[[package]]
name = "pyjwt"
version = "2.8.0"
source = { registry = "https://pypi.org/simple" }
sdist = { url = "https://files.pythonhosted.org/packages/30/72/8259b2bccfe4673330cea843ab23f86858a419d8f1493f66d413a76c7e3b/PyJWT-2.8.0.tar.gz", hash = "sha256:57e28d156e3d5c10088e0c68abb90bfac3df82b40a71bd0daa20c65ccd5c23de", size = 78313, upload_time = "2023-07-18T20:02:22.594Z" }
wheels = [
    { url = "https://files.pythonhosted.org/packages/2b/4f/e04a8067c7c96c364cef7ef73906504e2f40d690811c021e1a1901473a19/PyJWT-2.8.0-py3-none-any.whl", hash = "sha256:59127c392cc44c2da5bb3192169a91f429924e17aff6534d70fdc02ab3e04320", size = 22591, upload_time = "2023-07-18T20:02:21.561Z" },
]

[[package]]
name = "python-dateutil"
version = "2.9.0.post0"
source = { registry = "https://pypi.org/simple" }
dependencies = [
    { name = "six" },
]
sdist = { url = "https://files.pythonhosted.org/packages/66/c0/0c8b6ad9f17a802ee498c46e004a0eb49bc148f2fd230864601a86dcf6db/python-dateutil-2.9.0.post0.tar.gz", hash = "sha256:37dd54208da7e1cd875388217d5e00ebd4179249f90fb72437e91a35459a0ad3", size = 342432, upload_time = "2024-03-01T18:36:20.211Z" }
wheels = [
    { url = "https://files.pythonhosted.org/packages/ec/57/56b9bcc3c9c6a792fcbaf139543cee77261f3651ca9da0c93f5c1221264b/python_dateutil-2.9.0.post0-py2.py3-none-any.whl", hash = "sha256:a8b2bc7bffae282281c8140a97d3aa9c14da0b136dfe83f850eea9a5f7470427", size = 229892, upload_time = "2024-03-01T18:36:18.57Z" },
]

[[package]]
name = "python-dotenv"
version = "1.0.1"
source = { registry = "https://pypi.org/simple" }
sdist = { url = "https://files.pythonhosted.org/packages/bc/57/e84d88dfe0aec03b7a2d4327012c1627ab5f03652216c63d49846d7a6c58/python-dotenv-1.0.1.tar.gz", hash = "sha256:e324ee90a023d808f1959c46bcbc04446a10ced277783dc6ee09987c37ec10ca", size = 39115, upload_time = "2024-01-23T06:33:00.505Z" }
wheels = [
    { url = "https://files.pythonhosted.org/packages/6a/3e/b68c118422ec867fa7ab88444e1274aa40681c606d59ac27de5a5588f082/python_dotenv-1.0.1-py3-none-any.whl", hash = "sha256:f7b63ef50f1b690dddf550d03497b66d609393b40b564ed0d674909a68ebf16a", size = 19863, upload_time = "2024-01-23T06:32:58.246Z" },
]

[[package]]
name = "requests"
version = "2.32.3"
source = { registry = "https://pypi.org/simple" }
dependencies = [
    { name = "certifi" },
    { name = "charset-normalizer" },
    { name = "idna" },
    { name = "urllib3" },
]
sdist = { url = "https://files.pythonhosted.org/packages/63/70/2bf7780ad2d390a8d301ad0b550f1581eadbd9a20f896afe06353c2a2913/requests-2.32.3.tar.gz", hash = "sha256:55365417734eb18255590a9ff9eb97e9e1da868d4ccd6402399eaf68af20a760", size = 131218, upload_time = "2024-05-29T15:37:49.536Z" }
wheels = [
    { url = "https://files.pythonhosted.org/packages/f9/9b/335f9764261e915ed497fcdeb11df5dfd6f7bf257d4a6a2a686d80da4d54/requests-2.32.3-py3-none-any.whl", hash = "sha256:70761cfe03c773ceb22aa2f671b4757976145175cdfca038c02654d061d6dcc6", size = 64928, upload_time = "2024-05-29T15:37:47.027Z" },
]

[[package]]
name = "six"
version = "1.16.0"
source = { registry = "https://pypi.org/simple" }
sdist = { url = "https://files.pythonhosted.org/packages/71/39/171f1c67cd00715f190ba0b100d606d440a28c93c7714febeca8b79af85e/six-1.16.0.tar.gz", hash = "sha256:1e61c37477a1626458e36f7b1d82aa5c9b094fa4802892072e49de9c60c4c926", size = 34041, upload_time = "2021-05-05T14:18:18.379Z" }
wheels = [
    { url = "https://files.pythonhosted.org/packages/d9/5a/e7c31adbe875f2abbb91bd84cf2dc52d792b5a01506781dbcf25c91daf11/six-1.16.0-py2.py3-none-any.whl", hash = "sha256:8abb2f1d86890a2dfb989f9a77cfcfd3e47c2a354b01111771326f8aa26e0254", size = 11053, upload_time = "2021-05-05T14:18:17.237Z" },
]

[[package]]
name = "sqlparse"
version = "0.5.0"
source = { registry = "https://pypi.org/simple" }
sdist = { url = "https://files.pythonhosted.org/packages/50/26/5da251cd090ccd580f5cfaa7d36cdd8b2471e49fffce60ed520afc27f4bc/sqlparse-0.5.0.tar.gz", hash = "sha256:714d0a4932c059d16189f58ef5411ec2287a4360f17cdd0edd2d09d4c5087c93", size = 83475, upload_time = "2024-04-13T12:37:09.316Z" }
wheels = [
    { url = "https://files.pythonhosted.org/packages/43/5d/a0fdd88fd486b39ae1fd1a75ff75b4e29a0df96c0304d462fd407b82efe0/sqlparse-0.5.0-py3-none-any.whl", hash = "sha256:c204494cd97479d0e39f28c93d46c0b2d5959c7b9ab904762ea6c7af211c8663", size = 43971, upload_time = "2024-04-13T12:37:11.177Z" },
]

[[package]]
name = "tiktokclone"
version = "0.1.0"
source = { virtual = "." }
dependencies = [
    { name = "asgiref" },
    { name = "certifi" },
    { name = "charset-normalizer" },
    { name = "django" },
    { name = "django-cors-headers" },
    { name = "django-js-asset" },
    { name = "django-mptt" },
    { name = "django-tinymce" },
    { name = "djangorestframework" },
    { name = "djangorestframework-simplejwt" },
    { name = "factory-boy" },
    { name = "faker" },
    { name = "idna" },
    { name = "pillow" },
    { name = "pyjwt" },
    { name = "python-dateutil" },
    { name = "python-dotenv" },
    { name = "requests" },
    { name = "six" },
    { name = "sqlparse" },
    { name = "tzdata" },
    { name = "urllib3" },
]

[package.metadata]
requires-dist = [
    { name = "asgiref", specifier = "==3.8.1" },
    { name = "certifi", specifier = "==2024.7.4" },
    { name = "charset-normalizer", specifier = "==3.3.2" },
    { name = "django", specifier = "==5.0.6" },
    { name = "django-cors-headers", specifier = "==4.4.0" },
    { name = "django-js-asset", specifier = "==2.2.0" },
    { name = "django-mptt", specifier = "==0.16.0" },
    { name = "django-tinymce", specifier = "==4.1.0" },
    { name = "djangorestframework", specifier = "==3.15.2" },
    { name = "djangorestframework-simplejwt", specifier = "==5.3.1" },
    { name = "factory-boy", specifier = "==3.3.0" },
    { name = "faker", specifier = "==26.0.0" },
    { name = "idna", specifier = "==3.7" },
    { name = "pillow", specifier = "==10.4.0" },
    { name = "pyjwt", specifier = "==2.8.0" },
    { name = "python-dateutil", specifier = "==2.9.0.post0" },
    { name = "python-dotenv", specifier = "==1.0.1" },
    { name = "requests", specifier = "==2.32.3" },
    { name = "six", specifier = "==1.16.0" },
    { name = "sqlparse", specifier = "==0.5.0" },
    { name = "tzdata", specifier = "==2024.1" },
    { name = "urllib3", specifier = "==2.2.2" },
]

[[package]]
name = "tzdata"
version = "2024.1"
source = { registry = "https://pypi.org/simple" }
sdist = { url = "https://files.pythonhosted.org/packages/74/5b/e025d02cb3b66b7b76093404392d4b44343c69101cc85f4d180dd5784717/tzdata-2024.1.tar.gz", hash = "sha256:2674120f8d891909751c38abcdfd386ac0a5a1127954fbc332af6b5ceae07efd", size = 190559, upload_time = "2024-02-11T23:22:40.2Z" }
wheels = [
    { url = "https://files.pythonhosted.org/packages/65/58/f9c9e6be752e9fcb8b6a0ee9fb87e6e7a1f6bcab2cdc73f02bb7ba91ada0/tzdata-2024.1-py2.py3-none-any.whl", hash = "sha256:9068bc196136463f5245e51efda838afa15aaeca9903f49050dfa2679db4d252", size = 345370, upload_time = "2024-02-11T23:22:38.223Z" },
]

[[package]]
name = "urllib3"
version = "2.2.2"
source = { registry = "https://pypi.org/simple" }
sdist = { url = "https://files.pythonhosted.org/packages/43/6d/fa469ae21497ddc8bc93e5877702dca7cb8f911e337aca7452b5724f1bb6/urllib3-2.2.2.tar.gz", hash = "sha256:dd505485549a7a552833da5e6063639d0d177c04f23bc3864e41e5dc5f612168", size = 292266, upload_time = "2024-06-17T13:40:11.401Z" }
wheels = [
    { url = "https://files.pythonhosted.org/packages/ca/1c/89ffc63a9605b583d5df2be791a27bc1a42b7c32bab68d3c8f2f73a98cd4/urllib3-2.2.2-py3-none-any.whl", hash = "sha256:a448b2f64d686155468037e1ace9f2d2199776e17f0a46610480d311f73e3472", size = 121444, upload_time = "2024-06-17T13:40:07.795Z" },
]
